
Microsoft Visual Studio Solution File, Format Version 12.00
# Visual Studio Version 17
VisualStudioVersion = 17.9.34728.123
MinimumVisualStudioVersion = 10.0.40219.1
Project("{FAE04EC0-301F-11D3-BF4B-00C04F79EFBC}") = "SE162024.ProductManagement.API", "SE162024.ProductManagement.API\SE162024.ProductManagement.API.csproj", "{B6E73DA3-CD5B-457D-AC6E-564E49539588}"
EndProject
Project("{FAE04EC0-301F-11D3-BF4B-00C04F79EFBC}") = "SE162024.ProductManagement.Repo", "SE162024.ProductManagement.Repo\SE162024.ProductManagement.Repo.csproj", "{87E16148-98BC-48DB-AA67-21256FD5D995}"
EndProject
Global
	GlobalSection(SolutionConfigurationPlatforms) = preSolution
		Debug|Any CPU = Debug|Any CPU
		Release|Any CPU = Release|Any CPU
	EndGlobalSection
	GlobalSection(ProjectConfigurationPlatforms) = postSolution
		{B6E73DA3-CD5B-457D-AC6E-564E49539588}.Debug|Any CPU.ActiveCfg = Debug|Any CPU
		{B6E73DA3-CD5B-457D-AC6E-564E49539588}.Debug|Any CPU.Build.0 = Debug|Any CPU
		{B6E73DA3-CD5B-457D-AC6E-564E49539588}.Release|Any CPU.ActiveCfg = Release|Any CPU
		{B6E73DA3-CD5B-457D-AC6E-564E49539588}.Release|Any CPU.Build.0 = Release|Any CPU
		{87E16148-98BC-48DB-AA67-21256FD5D995}.Debug|Any CPU.ActiveCfg = Debug|Any CPU
		{87E16148-98BC-48DB-AA67-21256FD5D995}.Debug|Any CPU.Build.0 = Debug|Any CPU
		{87E16148-98BC-48DB-AA67-21256FD5D995}.Release|Any CPU.ActiveCfg = Release|Any CPU
		{87E16148-98BC-48DB-AA67-21256FD5D995}.Release|Any CPU.Build.0 = Release|Any CPU
	EndGlobalSection
	GlobalSection(SolutionProperties) = preSolution
		HideSolutionNode = FALSE
	EndGlobalSection
	GlobalSection(ExtensibilityGlobals) = postSolution
		SolutionGuid = {51F8FED5-4A77-4CE3-AF0A-3358DC0A32D8}
	EndGlobalSection
EndGlobal
